
Microsoft Visual Studio Solution File, Format Version 12.00
# Visual Studio Version 16
VisualStudioVersion = 16.0.29318.209
MinimumVisualStudioVersion = 10.0.40219.1
Project("{FAE04EC0-301F-11D3-BF4B-00C04F79EFBC}") = "Csharp project  Q4", "Csharp project  Q4\Csharp project  Q4.csproj", "{1C34AA07-C467-4060-8E80-BDEF13B3F980}"
EndProject
Global
	GlobalSection(SolutionConfigurationPlatforms) = preSolution
		Debug|Any CPU = Debug|Any CPU
		Release|Any CPU = Release|Any CPU
	EndGlobalSection
	GlobalSection(ProjectConfigurationPlatforms) = postSolution
		{1C34AA07-C467-4060-8E80-BDEF13B3F980}.Debug|Any CPU.ActiveCfg = Debug|Any CPU
		{1C34AA07-C467-4060-8E80-BDEF13B3F980}.Debug|Any CPU.Build.0 = Debug|Any CPU
		{1C34AA07-C467-4060-8E80-BDEF13B3F980}.Release|Any CPU.ActiveCfg = Release|Any CPU
		{1C34AA07-C467-4060-8E80-BDEF13B3F980}.Release|Any CPU.Build.0 = Release|Any CPU
	EndGlobalSection
	GlobalSection(SolutionProperties) = preSolution
		HideSolutionNode = FALSE
	EndGlobalSection
	GlobalSection(ExtensibilityGlobals) = postSolution
		SolutionGuid = {D8BAA10E-6F3C-4E99-8108-405AD1F72B18}
	EndGlobalSection
EndGlobal
